
Microsoft Visual Studio Solution File, Format Version 12.00
# Visual Studio Version 16
VisualStudioVersion = 16.0.29020.237
MinimumVisualStudioVersion = 10.0.40219.1
Project("{FAE04EC0-301F-11D3-BF4B-00C04F79EFBC}") = "NeuralNetwork", "NeuralNetwork\NeuralNetwork.csproj", "{665712BE-840E-4737-A33C-CF30A2B1EB3C}"
EndProject
Project("{FAE04EC0-301F-11D3-BF4B-00C04F79EFBC}") = "NeuralNetworkTest", "NeuralNetworkTest\NeuralNetworkTest.csproj", "{80F75D7B-2F24-4F68-B715-AFE49598FF1F}"
EndProject
Global
	GlobalSection(SolutionConfigurationPlatforms) = preSolution
		Debug|Any CPU = Debug|Any CPU
		Release|Any CPU = Release|Any CPU
	EndGlobalSection
	GlobalSection(ProjectConfigurationPlatforms) = postSolution
		{665712BE-840E-4737-A33C-CF30A2B1EB3C}.Debug|Any CPU.ActiveCfg = Debug|Any CPU
		{665712BE-840E-4737-A33C-CF30A2B1EB3C}.Debug|Any CPU.Build.0 = Debug|Any CPU
		{665712BE-840E-4737-A33C-CF30A2B1EB3C}.Release|Any CPU.ActiveCfg = Release|Any CPU
		{665712BE-840E-4737-A33C-CF30A2B1EB3C}.Release|Any CPU.Build.0 = Release|Any CPU
		{80F75D7B-2F24-4F68-B715-AFE49598FF1F}.Debug|Any CPU.ActiveCfg = Debug|Any CPU
		{80F75D7B-2F24-4F68-B715-AFE49598FF1F}.Debug|Any CPU.Build.0 = Debug|Any CPU
		{80F75D7B-2F24-4F68-B715-AFE49598FF1F}.Release|Any CPU.ActiveCfg = Release|Any CPU
		{80F75D7B-2F24-4F68-B715-AFE49598FF1F}.Release|Any CPU.Build.0 = Release|Any CPU
	EndGlobalSection
	GlobalSection(SolutionProperties) = preSolution
		HideSolutionNode = FALSE
	EndGlobalSection
	GlobalSection(ExtensibilityGlobals) = postSolution
		SolutionGuid = {D3C07FBB-9BF0-4D8C-BF7C-D46BE896F4CD}
	EndGlobalSection
EndGlobal
